
Microsoft Visual Studio Solution File, Format Version 12.00
# Visual Studio Version 17
VisualStudioVersion = 17.3.32901.215
MinimumVisualStudioVersion = 10.0.40219.1
Project("{FAE04EC0-301F-11D3-BF4B-00C04F79EFBC}") = "LibraryBookHomework", "LibraryBookHomework\LibraryBookHomework.csproj", "{ABBB9658-A6DB-4D30-B014-377C2CDAD7CF}"
EndProject
Global
	GlobalSection(SolutionConfigurationPlatforms) = preSolution
		Debug|Any CPU = Debug|Any CPU
		Release|Any CPU = Release|Any CPU
	EndGlobalSection
	GlobalSection(ProjectConfigurationPlatforms) = postSolution
		{ABBB9658-A6DB-4D30-B014-377C2CDAD7CF}.Debug|Any CPU.ActiveCfg = Debug|Any CPU
		{ABBB9658-A6DB-4D30-B014-377C2CDAD7CF}.Debug|Any CPU.Build.0 = Debug|Any CPU
		{ABBB9658-A6DB-4D30-B014-377C2CDAD7CF}.Release|Any CPU.ActiveCfg = Release|Any CPU
		{ABBB9658-A6DB-4D30-B014-377C2CDAD7CF}.Release|Any CPU.Build.0 = Release|Any CPU
	EndGlobalSection
	GlobalSection(SolutionProperties) = preSolution
		HideSolutionNode = FALSE
	EndGlobalSection
	GlobalSection(ExtensibilityGlobals) = postSolution
		SolutionGuid = {DB87D166-11C1-403A-A0FE-5CDE5B49C0EC}
	EndGlobalSection
EndGlobal
