
Microsoft Visual Studio Solution File, Format Version 12.00
# Visual Studio Version 17
VisualStudioVersion = 17.3.32901.215
MinimumVisualStudioVersion = 10.0.40219.1
Project("{FAE04EC0-301F-11D3-BF4B-00C04F79EFBC}") = "ClassBaseThis", "ClassBaseThis\ClassBaseThis.csproj", "{9BFC8363-7A40-4457-9E9F-9E53CA65DF6F}"
EndProject
Project("{FAE04EC0-301F-11D3-BF4B-00C04F79EFBC}") = "ClassTask", "ClassTask\ClassTask.csproj", "{1C0C5A81-C4AC-49D0-A054-D720E4CF86FB}"
EndProject
Project("{FAE04EC0-301F-11D3-BF4B-00C04F79EFBC}") = "StringArrayCharMethods", "StringArrayCharMethods\StringArrayCharMethods.csproj", "{20590D8B-1D0B-4596-811C-B2A177C44937}"
EndProject
Global
	GlobalSection(SolutionConfigurationPlatforms) = preSolution
		Debug|Any CPU = Debug|Any CPU
		Release|Any CPU = Release|Any CPU
	EndGlobalSection
	GlobalSection(ProjectConfigurationPlatforms) = postSolution
		{9BFC8363-7A40-4457-9E9F-9E53CA65DF6F}.Debug|Any CPU.ActiveCfg = Debug|Any CPU
		{9BFC8363-7A40-4457-9E9F-9E53CA65DF6F}.Debug|Any CPU.Build.0 = Debug|Any CPU
		{9BFC8363-7A40-4457-9E9F-9E53CA65DF6F}.Release|Any CPU.ActiveCfg = Release|Any CPU
		{9BFC8363-7A40-4457-9E9F-9E53CA65DF6F}.Release|Any CPU.Build.0 = Release|Any CPU
		{1C0C5A81-C4AC-49D0-A054-D720E4CF86FB}.Debug|Any CPU.ActiveCfg = Debug|Any CPU
		{1C0C5A81-C4AC-49D0-A054-D720E4CF86FB}.Debug|Any CPU.Build.0 = Debug|Any CPU
		{1C0C5A81-C4AC-49D0-A054-D720E4CF86FB}.Release|Any CPU.ActiveCfg = Release|Any CPU
		{1C0C5A81-C4AC-49D0-A054-D720E4CF86FB}.Release|Any CPU.Build.0 = Release|Any CPU
		{20590D8B-1D0B-4596-811C-B2A177C44937}.Debug|Any CPU.ActiveCfg = Debug|Any CPU
		{20590D8B-1D0B-4596-811C-B2A177C44937}.Debug|Any CPU.Build.0 = Debug|Any CPU
		{20590D8B-1D0B-4596-811C-B2A177C44937}.Release|Any CPU.ActiveCfg = Release|Any CPU
		{20590D8B-1D0B-4596-811C-B2A177C44937}.Release|Any CPU.Build.0 = Release|Any CPU
	EndGlobalSection
	GlobalSection(SolutionProperties) = preSolution
		HideSolutionNode = FALSE
	EndGlobalSection
	GlobalSection(ExtensibilityGlobals) = postSolution
		SolutionGuid = {0D8792FD-A4CE-40EA-A747-48256E121EE3}
	EndGlobalSection
EndGlobal
