
Microsoft Visual Studio Solution File, Format Version 12.00
# Visual Studio Version 17
VisualStudioVersion = 17.3.32901.215
MinimumVisualStudioVersion = 10.0.40219.1
Project("{FAE04EC0-301F-11D3-BF4B-00C04F79EFBC}") = "MVC3", "MVC3\MVC3.csproj", "{BEBEA177-E03C-4C5E-8056-227405BD7A86}"
EndProject
Project("{FAE04EC0-301F-11D3-BF4B-00C04F79EFBC}") = "MVC6", "MVC6\MVC6.csproj", "{111E12F0-6961-4452-A0A3-BCB2BD469E6A}"
EndProject
Project("{FAE04EC0-301F-11D3-BF4B-00C04F79EFBC}") = "MVCFirst", "MVCFirst\MVCFirst.csproj", "{9E6394E5-51C1-4A57-A328-CB36BEE685ED}"
EndProject
Global
	GlobalSection(SolutionConfigurationPlatforms) = preSolution
		Debug|Any CPU = Debug|Any CPU
		Release|Any CPU = Release|Any CPU
	EndGlobalSection
	GlobalSection(ProjectConfigurationPlatforms) = postSolution
		{BEBEA177-E03C-4C5E-8056-227405BD7A86}.Debug|Any CPU.ActiveCfg = Debug|Any CPU
		{BEBEA177-E03C-4C5E-8056-227405BD7A86}.Debug|Any CPU.Build.0 = Debug|Any CPU
		{BEBEA177-E03C-4C5E-8056-227405BD7A86}.Release|Any CPU.ActiveCfg = Release|Any CPU
		{BEBEA177-E03C-4C5E-8056-227405BD7A86}.Release|Any CPU.Build.0 = Release|Any CPU
		{111E12F0-6961-4452-A0A3-BCB2BD469E6A}.Debug|Any CPU.ActiveCfg = Debug|Any CPU
		{111E12F0-6961-4452-A0A3-BCB2BD469E6A}.Debug|Any CPU.Build.0 = Debug|Any CPU
		{111E12F0-6961-4452-A0A3-BCB2BD469E6A}.Release|Any CPU.ActiveCfg = Release|Any CPU
		{111E12F0-6961-4452-A0A3-BCB2BD469E6A}.Release|Any CPU.Build.0 = Release|Any CPU
		{9E6394E5-51C1-4A57-A328-CB36BEE685ED}.Debug|Any CPU.ActiveCfg = Debug|Any CPU
		{9E6394E5-51C1-4A57-A328-CB36BEE685ED}.Debug|Any CPU.Build.0 = Debug|Any CPU
		{9E6394E5-51C1-4A57-A328-CB36BEE685ED}.Release|Any CPU.ActiveCfg = Release|Any CPU
		{9E6394E5-51C1-4A57-A328-CB36BEE685ED}.Release|Any CPU.Build.0 = Release|Any CPU
	EndGlobalSection
	GlobalSection(SolutionProperties) = preSolution
		HideSolutionNode = FALSE
	EndGlobalSection
	GlobalSection(ExtensibilityGlobals) = postSolution
		SolutionGuid = {58347277-E02A-498F-94FC-BC90B9E6F5BF}
	EndGlobalSection
EndGlobal
