
Microsoft Visual Studio Solution File, Format Version 12.00
# Visual Studio Version 17
VisualStudioVersion = 17.3.32901.215
MinimumVisualStudioVersion = 10.0.40219.1
Project("{FAE04EC0-301F-11D3-BF4B-00C04F79EFBC}") = "ClassTask", "ClassTask\ClassTask.csproj", "{C49FC7E7-9953-4C78-9511-F7A9A2C50D33}"
EndProject
Project("{FAE04EC0-301F-11D3-BF4B-00C04F79EFBC}") = "MyClassLibrary", "MyClassLibrary\MyClassLibrary.csproj", "{68EDF1E2-FCB0-4311-9893-0E212209852E}"
EndProject
Global
	GlobalSection(SolutionConfigurationPlatforms) = preSolution
		Debug|Any CPU = Debug|Any CPU
		Release|Any CPU = Release|Any CPU
	EndGlobalSection
	GlobalSection(ProjectConfigurationPlatforms) = postSolution
		{C49FC7E7-9953-4C78-9511-F7A9A2C50D33}.Debug|Any CPU.ActiveCfg = Debug|Any CPU
		{C49FC7E7-9953-4C78-9511-F7A9A2C50D33}.Debug|Any CPU.Build.0 = Debug|Any CPU
		{C49FC7E7-9953-4C78-9511-F7A9A2C50D33}.Release|Any CPU.ActiveCfg = Release|Any CPU
		{C49FC7E7-9953-4C78-9511-F7A9A2C50D33}.Release|Any CPU.Build.0 = Release|Any CPU
		{68EDF1E2-FCB0-4311-9893-0E212209852E}.Debug|Any CPU.ActiveCfg = Debug|Any CPU
		{68EDF1E2-FCB0-4311-9893-0E212209852E}.Debug|Any CPU.Build.0 = Debug|Any CPU
		{68EDF1E2-FCB0-4311-9893-0E212209852E}.Release|Any CPU.ActiveCfg = Release|Any CPU
		{68EDF1E2-FCB0-4311-9893-0E212209852E}.Release|Any CPU.Build.0 = Release|Any CPU
	EndGlobalSection
	GlobalSection(SolutionProperties) = preSolution
		HideSolutionNode = FALSE
	EndGlobalSection
	GlobalSection(ExtensibilityGlobals) = postSolution
		SolutionGuid = {C1A68167-1E0C-4C56-BF1D-6F2CED462356}
	EndGlobalSection
EndGlobal
