
Microsoft Visual Studio Solution File, Format Version 12.00
# Visual Studio Version 17
VisualStudioVersion = 17.3.32901.215
MinimumVisualStudioVersion = 10.0.40219.1
Project("{FAE04EC0-301F-11D3-BF4B-00C04F79EFBC}") = "SRP", "SRP\SRP.csproj", "{F9AD3FAE-A8B3-41CC-8B24-28B2C35E4FBA}"
EndProject
Project("{FAE04EC0-301F-11D3-BF4B-00C04F79EFBC}") = "OCP", "OCP\OCP.csproj", "{06925E38-9DA4-444B-9BC4-7764E5278769}"
EndProject
Project("{FAE04EC0-301F-11D3-BF4B-00C04F79EFBC}") = "LSP", "LSP\LSP.csproj", "{A081AC3C-DD63-4355-A03E-E04CA8445402}"
EndProject
Project("{FAE04EC0-301F-11D3-BF4B-00C04F79EFBC}") = "ISP", "ISP\ISP.csproj", "{69E8A28B-2F3E-4CDA-B855-DFC9A76D5696}"
EndProject
Project("{FAE04EC0-301F-11D3-BF4B-00C04F79EFBC}") = "DIP", "DIP\DIP.csproj", "{9BA7BE87-5392-4DF5-B197-15629483D8AB}"
EndProject
Global
	GlobalSection(SolutionConfigurationPlatforms) = preSolution
		Debug|Any CPU = Debug|Any CPU
		Release|Any CPU = Release|Any CPU
	EndGlobalSection
	GlobalSection(ProjectConfigurationPlatforms) = postSolution
		{F9AD3FAE-A8B3-41CC-8B24-28B2C35E4FBA}.Debug|Any CPU.ActiveCfg = Debug|Any CPU
		{F9AD3FAE-A8B3-41CC-8B24-28B2C35E4FBA}.Debug|Any CPU.Build.0 = Debug|Any CPU
		{F9AD3FAE-A8B3-41CC-8B24-28B2C35E4FBA}.Release|Any CPU.ActiveCfg = Release|Any CPU
		{F9AD3FAE-A8B3-41CC-8B24-28B2C35E4FBA}.Release|Any CPU.Build.0 = Release|Any CPU
		{06925E38-9DA4-444B-9BC4-7764E5278769}.Debug|Any CPU.ActiveCfg = Debug|Any CPU
		{06925E38-9DA4-444B-9BC4-7764E5278769}.Debug|Any CPU.Build.0 = Debug|Any CPU
		{06925E38-9DA4-444B-9BC4-7764E5278769}.Release|Any CPU.ActiveCfg = Release|Any CPU
		{06925E38-9DA4-444B-9BC4-7764E5278769}.Release|Any CPU.Build.0 = Release|Any CPU
		{A081AC3C-DD63-4355-A03E-E04CA8445402}.Debug|Any CPU.ActiveCfg = Debug|Any CPU
		{A081AC3C-DD63-4355-A03E-E04CA8445402}.Debug|Any CPU.Build.0 = Debug|Any CPU
		{A081AC3C-DD63-4355-A03E-E04CA8445402}.Release|Any CPU.ActiveCfg = Release|Any CPU
		{A081AC3C-DD63-4355-A03E-E04CA8445402}.Release|Any CPU.Build.0 = Release|Any CPU
		{69E8A28B-2F3E-4CDA-B855-DFC9A76D5696}.Debug|Any CPU.ActiveCfg = Debug|Any CPU
		{69E8A28B-2F3E-4CDA-B855-DFC9A76D5696}.Debug|Any CPU.Build.0 = Debug|Any CPU
		{69E8A28B-2F3E-4CDA-B855-DFC9A76D5696}.Release|Any CPU.ActiveCfg = Release|Any CPU
		{69E8A28B-2F3E-4CDA-B855-DFC9A76D5696}.Release|Any CPU.Build.0 = Release|Any CPU
		{9BA7BE87-5392-4DF5-B197-15629483D8AB}.Debug|Any CPU.ActiveCfg = Debug|Any CPU
		{9BA7BE87-5392-4DF5-B197-15629483D8AB}.Debug|Any CPU.Build.0 = Debug|Any CPU
		{9BA7BE87-5392-4DF5-B197-15629483D8AB}.Release|Any CPU.ActiveCfg = Release|Any CPU
		{9BA7BE87-5392-4DF5-B197-15629483D8AB}.Release|Any CPU.Build.0 = Release|Any CPU
	EndGlobalSection
	GlobalSection(SolutionProperties) = preSolution
		HideSolutionNode = FALSE
	EndGlobalSection
	GlobalSection(ExtensibilityGlobals) = postSolution
		SolutionGuid = {220AFA6D-55C5-4D4F-8402-35BC5BA09007}
	EndGlobalSection
EndGlobal
