
Microsoft Visual Studio Solution File, Format Version 12.00
# Visual Studio Version 17
VisualStudioVersion = 17.3.32901.215
MinimumVisualStudioVersion = 10.0.40219.1
Project("{FAE04EC0-301F-11D3-BF4B-00C04F79EFBC}") = "FileIO", "FileIO\FileIO.csproj", "{3F9706DF-4340-427F-B4D4-E04EB0D89011}"
EndProject
Project("{FAE04EC0-301F-11D3-BF4B-00C04F79EFBC}") = "SerializeDeserialize", "SerializeDeserialize\SerializeDeserialize.csproj", "{941471D8-6DE3-4774-A78A-3A4BFF081F8A}"
EndProject
Global
	GlobalSection(SolutionConfigurationPlatforms) = preSolution
		Debug|Any CPU = Debug|Any CPU
		Release|Any CPU = Release|Any CPU
	EndGlobalSection
	GlobalSection(ProjectConfigurationPlatforms) = postSolution
		{3F9706DF-4340-427F-B4D4-E04EB0D89011}.Debug|Any CPU.ActiveCfg = Debug|Any CPU
		{3F9706DF-4340-427F-B4D4-E04EB0D89011}.Debug|Any CPU.Build.0 = Debug|Any CPU
		{3F9706DF-4340-427F-B4D4-E04EB0D89011}.Release|Any CPU.ActiveCfg = Release|Any CPU
		{3F9706DF-4340-427F-B4D4-E04EB0D89011}.Release|Any CPU.Build.0 = Release|Any CPU
		{941471D8-6DE3-4774-A78A-3A4BFF081F8A}.Debug|Any CPU.ActiveCfg = Debug|Any CPU
		{941471D8-6DE3-4774-A78A-3A4BFF081F8A}.Debug|Any CPU.Build.0 = Debug|Any CPU
		{941471D8-6DE3-4774-A78A-3A4BFF081F8A}.Release|Any CPU.ActiveCfg = Release|Any CPU
		{941471D8-6DE3-4774-A78A-3A4BFF081F8A}.Release|Any CPU.Build.0 = Release|Any CPU
	EndGlobalSection
	GlobalSection(SolutionProperties) = preSolution
		HideSolutionNode = FALSE
	EndGlobalSection
	GlobalSection(ExtensibilityGlobals) = postSolution
		SolutionGuid = {E78C43DA-F6D4-4D3D-B325-3F547A092347}
	EndGlobalSection
EndGlobal
